
Microsoft Visual Studio Solution File, Format Version 12.00
# Visual Studio 15
VisualStudioVersion = 15.0.28307.757
MinimumVisualStudioVersion = 10.0.40219.1
Project("{FAE04EC0-301F-11D3-BF4B-00C04F79EFBC}") = "SourceExpression", "Parser\SourceExpression.csproj", "{73BB4AEC-26B9-4948-9103-074204244C81}"
EndProject
Project("{FAE04EC0-301F-11D3-BF4B-00C04F79EFBC}") = "SourceExpressionTest", "SourceExpressionTest\SourceExpressionTest.csproj", "{7A39196D-6D99-42F5-A21E-713ED578BA23}"
EndProject
Project("{FAE04EC0-301F-11D3-BF4B-00C04F79EFBC}") = "RPNAlgorithm", "RPNAlgorithm\RPNAlgorithm.csproj", "{2378F9C5-5C33-4B53-A354-A382258DBB40}"
EndProject
Project("{FAE04EC0-301F-11D3-BF4B-00C04F79EFBC}") = "RPNAlgorithmTest", "RPNAlgorithmTest\RPNAlgorithmTest.csproj", "{8204B763-C80A-4151-B64F-426A96265786}"
EndProject
Project("{FAE04EC0-301F-11D3-BF4B-00C04F79EFBC}") = "ViewCalculator", "ViewCalculator\ViewCalculator.csproj", "{F5ADE719-F4A2-431D-AB3E-B9F623E369AC}"
EndProject
Global
	GlobalSection(SolutionConfigurationPlatforms) = preSolution
		Debug|Any CPU = Debug|Any CPU
		Release|Any CPU = Release|Any CPU
	EndGlobalSection
	GlobalSection(ProjectConfigurationPlatforms) = postSolution
		{73BB4AEC-26B9-4948-9103-074204244C81}.Debug|Any CPU.ActiveCfg = Debug|Any CPU
		{73BB4AEC-26B9-4948-9103-074204244C81}.Debug|Any CPU.Build.0 = Debug|Any CPU
		{73BB4AEC-26B9-4948-9103-074204244C81}.Release|Any CPU.ActiveCfg = Release|Any CPU
		{73BB4AEC-26B9-4948-9103-074204244C81}.Release|Any CPU.Build.0 = Release|Any CPU
		{7A39196D-6D99-42F5-A21E-713ED578BA23}.Debug|Any CPU.ActiveCfg = Debug|Any CPU
		{7A39196D-6D99-42F5-A21E-713ED578BA23}.Debug|Any CPU.Build.0 = Debug|Any CPU
		{7A39196D-6D99-42F5-A21E-713ED578BA23}.Release|Any CPU.ActiveCfg = Release|Any CPU
		{7A39196D-6D99-42F5-A21E-713ED578BA23}.Release|Any CPU.Build.0 = Release|Any CPU
		{2378F9C5-5C33-4B53-A354-A382258DBB40}.Debug|Any CPU.ActiveCfg = Debug|Any CPU
		{2378F9C5-5C33-4B53-A354-A382258DBB40}.Debug|Any CPU.Build.0 = Debug|Any CPU
		{2378F9C5-5C33-4B53-A354-A382258DBB40}.Release|Any CPU.ActiveCfg = Release|Any CPU
		{2378F9C5-5C33-4B53-A354-A382258DBB40}.Release|Any CPU.Build.0 = Release|Any CPU
		{8204B763-C80A-4151-B64F-426A96265786}.Debug|Any CPU.ActiveCfg = Debug|Any CPU
		{8204B763-C80A-4151-B64F-426A96265786}.Debug|Any CPU.Build.0 = Debug|Any CPU
		{8204B763-C80A-4151-B64F-426A96265786}.Release|Any CPU.ActiveCfg = Release|Any CPU
		{8204B763-C80A-4151-B64F-426A96265786}.Release|Any CPU.Build.0 = Release|Any CPU
		{F5ADE719-F4A2-431D-AB3E-B9F623E369AC}.Debug|Any CPU.ActiveCfg = Debug|Any CPU
		{F5ADE719-F4A2-431D-AB3E-B9F623E369AC}.Debug|Any CPU.Build.0 = Debug|Any CPU
		{F5ADE719-F4A2-431D-AB3E-B9F623E369AC}.Release|Any CPU.ActiveCfg = Release|Any CPU
		{F5ADE719-F4A2-431D-AB3E-B9F623E369AC}.Release|Any CPU.Build.0 = Release|Any CPU
	EndGlobalSection
	GlobalSection(SolutionProperties) = preSolution
		HideSolutionNode = FALSE
	EndGlobalSection
	GlobalSection(ExtensibilityGlobals) = postSolution
		SolutionGuid = {535D2AE2-7F5F-4D96-88D6-F66A4F085541}
	EndGlobalSection
EndGlobal
